
Microsoft Visual Studio Solution File, Format Version 12.00
# Visual Studio Version 17
VisualStudioVersion = 17.3.32901.215
MinimumVisualStudioVersion = 10.0.40219.1
Project("{FAE04EC0-301F-11D3-BF4B-00C04F79EFBC}") = "Proyecto GitHub", "Proyecto GitHub\Proyecto GitHub.csproj", "{958A577B-E7C7-4236-B487-A0332C90413D}"
EndProject
Global
	GlobalSection(SolutionConfigurationPlatforms) = preSolution
		Debug|Any CPU = Debug|Any CPU
		Release|Any CPU = Release|Any CPU
	EndGlobalSection
	GlobalSection(ProjectConfigurationPlatforms) = postSolution
		{958A577B-E7C7-4236-B487-A0332C90413D}.Debug|Any CPU.ActiveCfg = Debug|Any CPU
		{958A577B-E7C7-4236-B487-A0332C90413D}.Debug|Any CPU.Build.0 = Debug|Any CPU
		{958A577B-E7C7-4236-B487-A0332C90413D}.Release|Any CPU.ActiveCfg = Release|Any CPU
		{958A577B-E7C7-4236-B487-A0332C90413D}.Release|Any CPU.Build.0 = Release|Any CPU
	EndGlobalSection
	GlobalSection(SolutionProperties) = preSolution
		HideSolutionNode = FALSE
	EndGlobalSection
	GlobalSection(ExtensibilityGlobals) = postSolution
		SolutionGuid = {A1192C1D-5483-4297-9591-F11175AA07CB}
	EndGlobalSection
EndGlobal
